
Microsoft Visual Studio Solution File, Format Version 12.00
# Visual Studio Version 17
VisualStudioVersion = 17.4.33110.190
MinimumVisualStudioVersion = 10.0.40219.1
Project("{FAE04EC0-301F-11D3-BF4B-00C04F79EFBC}") = "TodoApp", "TodoApp\TodoApp.csproj", "{4DF701EA-A581-4017-B6E6-B07AB30BDFC5}"
EndProject
Global
	GlobalSection(SolutionConfigurationPlatforms) = preSolution
		Debug|Any CPU = Debug|Any CPU
		Release|Any CPU = Release|Any CPU
	EndGlobalSection
	GlobalSection(ProjectConfigurationPlatforms) = postSolution
		{4DF701EA-A581-4017-B6E6-B07AB30BDFC5}.Debug|Any CPU.ActiveCfg = Debug|Any CPU
		{4DF701EA-A581-4017-B6E6-B07AB30BDFC5}.Debug|Any CPU.Build.0 = Debug|Any CPU
		{4DF701EA-A581-4017-B6E6-B07AB30BDFC5}.Release|Any CPU.ActiveCfg = Release|Any CPU
		{4DF701EA-A581-4017-B6E6-B07AB30BDFC5}.Release|Any CPU.Build.0 = Release|Any CPU
	EndGlobalSection
	GlobalSection(SolutionProperties) = preSolution
		HideSolutionNode = FALSE
	EndGlobalSection
	GlobalSection(ExtensibilityGlobals) = postSolution
		SolutionGuid = {7712F209-92EB-4533-BB11-CA4A936D2927}
	EndGlobalSection
EndGlobal
